
Microsoft Visual Studio Solution File, Format Version 12.00
# Visual Studio Version 17
VisualStudioVersion = 17.7.34202.233
MinimumVisualStudioVersion = 10.0.40219.1
Project("{FAE04EC0-301F-11D3-BF4B-00C04F79EFBC}") = "projekt", "projekt.csproj", "{AD40B4C9-63E0-4EED-A226-60B97C2763B6}"
EndProject
Global
	GlobalSection(SolutionConfigurationPlatforms) = preSolution
		Debug|Any CPU = Debug|Any CPU
		Release|Any CPU = Release|Any CPU
	EndGlobalSection
	GlobalSection(ProjectConfigurationPlatforms) = postSolution
		{AD40B4C9-63E0-4EED-A226-60B97C2763B6}.Debug|Any CPU.ActiveCfg = Debug|Any CPU
		{AD40B4C9-63E0-4EED-A226-60B97C2763B6}.Debug|Any CPU.Build.0 = Debug|Any CPU
		{AD40B4C9-63E0-4EED-A226-60B97C2763B6}.Release|Any CPU.ActiveCfg = Release|Any CPU
		{AD40B4C9-63E0-4EED-A226-60B97C2763B6}.Release|Any CPU.Build.0 = Release|Any CPU
	EndGlobalSection
	GlobalSection(SolutionProperties) = preSolution
		HideSolutionNode = FALSE
	EndGlobalSection
	GlobalSection(ExtensibilityGlobals) = postSolution
		SolutionGuid = {B9A0A15D-B979-4FA5-8D62-749937535516}
	EndGlobalSection
EndGlobal
